
Microsoft Visual Studio Solution File, Format Version 12.00
# Visual Studio Version 17
VisualStudioVersion = 17.5.33530.505
MinimumVisualStudioVersion = 10.0.40219.1
Project("{9A19103F-16F7-4668-BE54-9A1E7A4F7556}") = "EasyShop", "EasyShop.csproj", "{10DFBD19-5F70-471C-804B-011207F8F6FF}"
EndProject
Project("{FAE04EC0-301F-11D3-BF4B-00C04F79EFBC}") = "EasyShop.Test", "..\EasyShop.Test\EasyShop.Test.csproj", "{74786B12-C8B0-4C15-A8F4-85D758782E55}"
EndProject
Global
	GlobalSection(SolutionConfigurationPlatforms) = preSolution
		Debug|Any CPU = Debug|Any CPU
		Release|Any CPU = Release|Any CPU
	EndGlobalSection
	GlobalSection(ProjectConfigurationPlatforms) = postSolution
		{10DFBD19-5F70-471C-804B-011207F8F6FF}.Debug|Any CPU.ActiveCfg = Debug|Any CPU
		{10DFBD19-5F70-471C-804B-011207F8F6FF}.Debug|Any CPU.Build.0 = Debug|Any CPU
		{10DFBD19-5F70-471C-804B-011207F8F6FF}.Release|Any CPU.ActiveCfg = Release|Any CPU
		{10DFBD19-5F70-471C-804B-011207F8F6FF}.Release|Any CPU.Build.0 = Release|Any CPU
		{74786B12-C8B0-4C15-A8F4-85D758782E55}.Debug|Any CPU.ActiveCfg = Debug|Any CPU
		{74786B12-C8B0-4C15-A8F4-85D758782E55}.Debug|Any CPU.Build.0 = Debug|Any CPU
		{74786B12-C8B0-4C15-A8F4-85D758782E55}.Release|Any CPU.ActiveCfg = Release|Any CPU
		{74786B12-C8B0-4C15-A8F4-85D758782E55}.Release|Any CPU.Build.0 = Release|Any CPU
	EndGlobalSection
	GlobalSection(SolutionProperties) = preSolution
		HideSolutionNode = FALSE
	EndGlobalSection
	GlobalSection(ExtensibilityGlobals) = postSolution
		SolutionGuid = {95307E69-B1EC-4203-8C0E-D5BBA56BB641}
	EndGlobalSection
EndGlobal
